
Microsoft Visual Studio Solution File, Format Version 12.00
# Visual Studio 15
VisualStudioVersion = 15.0.27130.2027
MinimumVisualStudioVersion = 10.0.40219.1
Project("{FAE04EC0-301F-11D3-BF4B-00C04F79EFBC}") = "StoreItemJSONCS", "StoreItemJSONCS.csproj", "{066DF62F-4867-4C2A-BB53-842C6E583EFB}"
EndProject
Global
	GlobalSection(SolutionConfigurationPlatforms) = preSolution
		Debug|Any CPU = Debug|Any CPU
		Release|Any CPU = Release|Any CPU
	EndGlobalSection
	GlobalSection(ProjectConfigurationPlatforms) = postSolution
		{066DF62F-4867-4C2A-BB53-842C6E583EFB}.Debug|Any CPU.ActiveCfg = Debug|Any CPU
		{066DF62F-4867-4C2A-BB53-842C6E583EFB}.Debug|Any CPU.Build.0 = Debug|Any CPU
		{066DF62F-4867-4C2A-BB53-842C6E583EFB}.Release|Any CPU.ActiveCfg = Release|Any CPU
		{066DF62F-4867-4C2A-BB53-842C6E583EFB}.Release|Any CPU.Build.0 = Release|Any CPU
	EndGlobalSection
	GlobalSection(SolutionProperties) = preSolution
		HideSolutionNode = FALSE
	EndGlobalSection
	GlobalSection(ExtensibilityGlobals) = postSolution
		SolutionGuid = {D2365910-81A1-4139-BA18-8CED09AFFD43}
	EndGlobalSection
EndGlobal
